// !$*UTF8*$!
{
	archiveVersion = 1;
	classes = {
	};
	objectVersion = 56;
	objects = {

/* Begin PBXBuildFile section */
		D698B59A2A773A6300ED3D28 /* AppDelegate.swift in Sources */ = {isa = PBXBuildFile; fileRef = D698B5992A773A6300ED3D28 /* AppDelegate.swift */; };
		D698B59C2A773A6300ED3D28 /* SceneDelegate.swift in Sources */ = {isa = PBXBuildFile; fileRef = D698B59B2A773A6300ED3D28 /* SceneDelegate.swift */; };
		D698B59E2A773A6300ED3D28 /* AddViewController.swift in Sources */ = {isa = PBXBuildFile; fileRef = D698B59D2A773A6300ED3D28 /* AddViewController.swift */; };
		D698B5A12A773A6300ED3D28 /* Main.storyboard in Resources */ = {isa = PBXBuildFile; fileRef = D698B59F2A773A6300ED3D28 /* Main.storyboard */; };
		D698B5A32A773A6500ED3D28 /* Assets.xcassets in Resources */ = {isa = PBXBuildFile; fileRef = D698B5A22A773A6500ED3D28 /* Assets.xcassets */; };
		D698B5A62A773A6500ED3D28 /* LaunchScreen.storyboard in Resources */ = {isa = PBXBuildFile; fileRef = D698B5A42A773A6500ED3D28 /* LaunchScreen.storyboard */; };
		D698B5AE2A773AD000ED3D28 /* DiaryTableViewController.swift in Sources */ = {isa = PBXBuildFile; fileRef = D698B5AD2A773AD000ED3D28 /* DiaryTableViewController.swift */; };
		D698B5B12A773BBD00ED3D28 /* DiaryTableViewCell.swift in Sources */ = {isa = PBXBuildFile; fileRef = D698B5AF2A773BBD00ED3D28 /* DiaryTableViewCell.swift */; };
		D698B5B22A773BBD00ED3D28 /* DiaryTableViewCell.xib in Resources */ = {isa = PBXBuildFile; fileRef = D698B5B02A773BBD00ED3D28 /* DiaryTableViewCell.xib */; };
		D698B5B42A7752AE00ED3D28 /* DetailViewController.swift in Sources */ = {isa = PBXBuildFile; fileRef = D698B5B32A7752AE00ED3D28 /* DetailViewController.swift */; };
		D698B5B62A77625900ED3D28 /* Extension+UIViewController.swift in Sources */ = {isa = PBXBuildFile; fileRef = D698B5B52A77625900ED3D28 /* Extension+UIViewController.swift */; };
		D698B5B82A77796A00ED3D28 /* SearchCollectionViewController.swift in Sources */ = {isa = PBXBuildFile; fileRef = D698B5B72A77796A00ED3D28 /* SearchCollectionViewController.swift */; };
		D698B5BD2A777ADD00ED3D28 /* SearchCollectionViewCell.swift in Sources */ = {isa = PBXBuildFile; fileRef = D698B5BB2A777ADD00ED3D28 /* SearchCollectionViewCell.swift */; };
		D698B5BE2A777ADD00ED3D28 /* SearchCollectionViewCell.xib in Resources */ = {isa = PBXBuildFile; fileRef = D698B5BC2A777ADD00ED3D28 /* SearchCollectionViewCell.xib */; };
		D698B5F12A789B5A00ED3D28 /* SettingTableViewController.swift in Sources */ = {isa = PBXBuildFile; fileRef = D698B5F02A789B5A00ED3D28 /* SettingTableViewController.swift */; };
		D698B5FA2A79F22F00ED3D28 /* TimeLineViewController.swift in Sources */ = {isa = PBXBuildFile; fileRef = D698B5F92A79F22F00ED3D28 /* TimeLineViewController.swift */; };
		D698B6082A7B72C400ED3D28 /* LottoViewController.swift in Sources */ = {isa = PBXBuildFile; fileRef = D698B6072A7B72C400ED3D28 /* LottoViewController.swift */; };
		D6B63E1C2A808063006377A1 /* SwiftyJSON in Frameworks */ = {isa = PBXBuildFile; productRef = D6B63E1B2A808063006377A1 /* SwiftyJSON */; };
		D6B63E1F2A80807E006377A1 /* Alamofire in Frameworks */ = {isa = PBXBuildFile; productRef = D6B63E1E2A80807E006377A1 /* Alamofire */; };
/* End PBXBuildFile section */

/* Begin PBXFileReference section */
		D698B5962A773A6300ED3D28 /* SeSacWeek3OneLineDiary.app */ = {isa = PBXFileReference; explicitFileType = wrapper.application; includeInIndex = 0; path = SeSacWeek3OneLineDiary.app; sourceTree = BUILT_PRODUCTS_DIR; };
		D698B5992A773A6300ED3D28 /* AppDelegate.swift */ = {isa = PBXFileReference; lastKnownFileType = sourcecode.swift; path = AppDelegate.swift; sourceTree = "<group>"; };
		D698B59B2A773A6300ED3D28 /* SceneDelegate.swift */ = {isa = PBXFileReference; lastKnownFileType = sourcecode.swift; path = SceneDelegate.swift; sourceTree = "<group>"; };
		D698B59D2A773A6300ED3D28 /* AddViewController.swift */ = {isa = PBXFileReference; lastKnownFileType = sourcecode.swift; path = AddViewController.swift; sourceTree = "<group>"; };
		D698B5A02A773A6300ED3D28 /* Base */ = {isa = PBXFileReference; lastKnownFileType = file.storyboard; name = Base; path = Base.lproj/Main.storyboard; sourceTree = "<group>"; };
		D698B5A22A773A6500ED3D28 /* Assets.xcassets */ = {isa = PBXFileReference; lastKnownFileType = folder.assetcatalog; path = Assets.xcassets; sourceTree = "<group>"; };
		D698B5A52A773A6500ED3D28 /* Base */ = {isa = PBXFileReference; lastKnownFileType = file.storyboard; name = Base; path = Base.lproj/LaunchScreen.storyboard; sourceTree = "<group>"; };
		D698B5A72A773A6500ED3D28 /* Info.plist */ = {isa = PBXFileReference; lastKnownFileType = text.plist.xml; path = Info.plist; sourceTree = "<group>"; };
		D698B5AD2A773AD000ED3D28 /* DiaryTableViewController.swift */ = {isa = PBXFileReference; lastKnownFileType = sourcecode.swift; path = DiaryTableViewController.swift; sourceTree = "<group>"; };
		D698B5AF2A773BBD00ED3D28 /* DiaryTableViewCell.swift */ = {isa = PBXFileReference; lastKnownFileType = sourcecode.swift; path = DiaryTableViewCell.swift; sourceTree = "<group>"; };
		D698B5B02A773BBD00ED3D28 /* DiaryTableViewCell.xib */ = {isa = PBXFileReference; lastKnownFileType = file.xib; path = DiaryTableViewCell.xib; sourceTree = "<group>"; };
		D698B5B32A7752AE00ED3D28 /* DetailViewController.swift */ = {isa = PBXFileReference; lastKnownFileType = sourcecode.swift; path = DetailViewController.swift; sourceTree = "<group>"; };
		D698B5B52A77625900ED3D28 /* Extension+UIViewController.swift */ = {isa = PBXFileReference; lastKnownFileType = sourcecode.swift; path = "Extension+UIViewController.swift"; sourceTree = "<group>"; };
		D698B5B72A77796A00ED3D28 /* SearchCollectionViewController.swift */ = {isa = PBXFileReference; lastKnownFileType = sourcecode.swift; path = SearchCollectionViewController.swift; sourceTree = "<group>"; };
		D698B5BB2A777ADD00ED3D28 /* SearchCollectionViewCell.swift */ = {isa = PBXFileReference; lastKnownFileType = sourcecode.swift; path = SearchCollectionViewCell.swift; sourceTree = "<group>"; };
		D698B5BC2A777ADD00ED3D28 /* SearchCollectionViewCell.xib */ = {isa = PBXFileReference; lastKnownFileType = file.xib; path = SearchCollectionViewCell.xib; sourceTree = "<group>"; };
		D698B5F02A789B5A00ED3D28 /* SettingTableViewController.swift */ = {isa = PBXFileReference; lastKnownFileType = sourcecode.swift; path = SettingTableViewController.swift; sourceTree = "<group>"; };
		D698B5F92A79F22F00ED3D28 /* TimeLineViewController.swift */ = {isa = PBXFileReference; lastKnownFileType = sourcecode.swift; path = TimeLineViewController.swift; sourceTree = "<group>"; };
		D698B6072A7B72C400ED3D28 /* LottoViewController.swift */ = {isa = PBXFileReference; lastKnownFileType = sourcecode.swift; path = LottoViewController.swift; sourceTree = "<group>"; };
/* End PBXFileReference section */

/* Begin PBXFrameworksBuildPhase section */
		D698B5932A773A6300ED3D28 /* Frameworks */ = {
			isa = PBXFrameworksBuildPhase;
			buildActionMask = 2147483647;
			files = (
				D6B63E1C2A808063006377A1 /* SwiftyJSON in Frameworks */,
				D6B63E1F2A80807E006377A1 /* Alamofire in Frameworks */,
			);
			runOnlyForDeploymentPostprocessing = 0;
		};
/* End PBXFrameworksBuildPhase section */

/* Begin PBXGroup section */
		D698B58D2A773A6300ED3D28 = {
			isa = PBXGroup;
			children = (
				D698B5982A773A6300ED3D28 /* SeSacWeek3OneLineDiary */,
				D698B5972A773A6300ED3D28 /* Products */,
			);
			sourceTree = "<group>";
		};
		D698B5972A773A6300ED3D28 /* Products */ = {
			isa = PBXGroup;
			children = (
				D698B5962A773A6300ED3D28 /* SeSacWeek3OneLineDiary.app */,
			);
			name = Products;
			sourceTree = "<group>";
		};
		D698B5982A773A6300ED3D28 /* SeSacWeek3OneLineDiary */ = {
			isa = PBXGroup;
			children = (
				D698B5BF2A777AEF00ED3D28 /* SearchCollection */,
				D698B5992A773A6300ED3D28 /* AppDelegate.swift */,
				D698B59B2A773A6300ED3D28 /* SceneDelegate.swift */,
				D698B59D2A773A6300ED3D28 /* AddViewController.swift */,
				D698B59F2A773A6300ED3D28 /* Main.storyboard */,
				D698B6072A7B72C400ED3D28 /* LottoViewController.swift */,
				D698B5F92A79F22F00ED3D28 /* TimeLineViewController.swift */,
				D698B5F02A789B5A00ED3D28 /* SettingTableViewController.swift */,
				D698B5B32A7752AE00ED3D28 /* DetailViewController.swift */,
				D698B5B52A77625900ED3D28 /* Extension+UIViewController.swift */,
				D698B5AF2A773BBD00ED3D28 /* DiaryTableViewCell.swift */,
				D698B5B02A773BBD00ED3D28 /* DiaryTableViewCell.xib */,
				D698B5AD2A773AD000ED3D28 /* DiaryTableViewController.swift */,
				D698B5A22A773A6500ED3D28 /* Assets.xcassets */,
				D698B5A42A773A6500ED3D28 /* LaunchScreen.storyboard */,
				D698B5A72A773A6500ED3D28 /* Info.plist */,
			);
			path = SeSacWeek3OneLineDiary;
			sourceTree = "<group>";
		};
		D698B5BF2A777AEF00ED3D28 /* SearchCollection */ = {
			isa = PBXGroup;
			children = (
				D698B5BB2A777ADD00ED3D28 /* SearchCollectionViewCell.swift */,
				D698B5B72A77796A00ED3D28 /* SearchCollectionViewController.swift */,
				D698B5BC2A777ADD00ED3D28 /* SearchCollectionViewCell.xib */,
			);
			path = SearchCollection;
			sourceTree = "<group>";
		};
/* End PBXGroup section */

/* Begin PBXNativeTarget section */
		D698B5952A773A6300ED3D28 /* SeSacWeek3OneLineDiary */ = {
			isa = PBXNativeTarget;
			buildConfigurationList = D698B5AA2A773A6500ED3D28 /* Build configuration list for PBXNativeTarget "SeSacWeek3OneLineDiary" */;
			buildPhases = (
				D698B5922A773A6300ED3D28 /* Sources */,
				D698B5932A773A6300ED3D28 /* Frameworks */,
				D698B5942A773A6300ED3D28 /* Resources */,
			);
			buildRules = (
			);
			dependencies = (
			);
			name = SeSacWeek3OneLineDiary;
			packageProductDependencies = (
				D6B63E1B2A808063006377A1 /* SwiftyJSON */,
				D6B63E1E2A80807E006377A1 /* Alamofire */,
			);
			productName = SeSacWeek3OneLineDiary;
			productReference = D698B5962A773A6300ED3D28 /* SeSacWeek3OneLineDiary.app */;
			productType = "com.apple.product-type.application";
		};
/* End PBXNativeTarget section */

/* Begin PBXProject section */
		D698B58E2A773A6300ED3D28 /* Project object */ = {
			isa = PBXProject;
			attributes = {
				BuildIndependentTargetsInParallel = 1;
				LastSwiftUpdateCheck = 1430;
				LastUpgradeCheck = 1430;
				TargetAttributes = {
					D698B5952A773A6300ED3D28 = {
						CreatedOnToolsVersion = 14.3.1;
					};
				};
			};
			buildConfigurationList = D698B5912A773A6300ED3D28 /* Build configuration list for PBXProject "SeSacWeek3OneLineDiary" */;
			compatibilityVersion = "Xcode 14.0";
			developmentRegion = en;
			hasScannedForEncodings = 0;
			knownRegions = (
				en,
				Base,
			);
			mainGroup = D698B58D2A773A6300ED3D28;
			packageReferences = (
				D6B63E1A2A808063006377A1 /* XCRemoteSwiftPackageReference "SwiftyJSON" */,
				D6B63E1D2A80807E006377A1 /* XCRemoteSwiftPackageReference "Alamofire" */,
			);
			productRefGroup = D698B5972A773A6300ED3D28 /* Products */;
			projectDirPath = "";
			projectRoot = "";
			targets = (
				D698B5952A773A6300ED3D28 /* SeSacWeek3OneLineDiary */,
			);
		};
/* End PBXProject section */

/* Begin PBXResourcesBuildPhase section */
		D698B5942A773A6300ED3D28 /* Resources */ = {
			isa = PBXResourcesBuildPhase;
			buildActionMask = 2147483647;
			files = (
				D698B5A62A773A6500ED3D28 /* LaunchScreen.storyboard in Resources */,
				D698B5A32A773A6500ED3D28 /* Assets.xcassets in Resources */,
				D698B5BE2A777ADD00ED3D28 /* SearchCollectionViewCell.xib in Resources */,
				D698B5A12A773A6300ED3D28 /* Main.storyboard in Resources */,
				D698B5B22A773BBD00ED3D28 /* DiaryTableViewCell.xib in Resources */,
			);
			runOnlyForDeploymentPostprocessing = 0;
		};
/* End PBXResourcesBuildPhase section */

/* Begin PBXSourcesBuildPhase section */
		D698B5922A773A6300ED3D28 /* Sources */ = {
			isa = PBXSourcesBuildPhase;
			buildActionMask = 2147483647;
			files = (
				D698B5B82A77796A00ED3D28 /* SearchCollectionViewController.swift in Sources */,
				D698B59E2A773A6300ED3D28 /* AddViewController.swift in Sources */,
				D698B5B62A77625900ED3D28 /* Extension+UIViewController.swift in Sources */,
				D698B5B12A773BBD00ED3D28 /* DiaryTableViewCell.swift in Sources */,
				D698B5F12A789B5A00ED3D28 /* SettingTableViewController.swift in Sources */,
				D698B5AE2A773AD000ED3D28 /* DiaryTableViewController.swift in Sources */,
				D698B5FA2A79F22F00ED3D28 /* TimeLineViewController.swift in Sources */,
				D698B5B42A7752AE00ED3D28 /* DetailViewController.swift in Sources */,
				D698B59A2A773A6300ED3D28 /* AppDelegate.swift in Sources */,
				D698B6082A7B72C400ED3D28 /* LottoViewController.swift in Sources */,
				D698B59C2A773A6300ED3D28 /* SceneDelegate.swift in Sources */,
				D698B5BD2A777ADD00ED3D28 /* SearchCollectionViewCell.swift in Sources */,
			);
			runOnlyForDeploymentPostprocessing = 0;
		};
/* End PBXSourcesBuildPhase section */

/* Begin PBXVariantGroup section */
		D698B59F2A773A6300ED3D28 /* Main.storyboard */ = {
			isa = PBXVariantGroup;
			children = (
				D698B5A02A773A6300ED3D28 /* Base */,
			);
			name = Main.storyboard;
			sourceTree = "<group>";
		};
		D698B5A42A773A6500ED3D28 /* LaunchScreen.storyboard */ = {
			isa = PBXVariantGroup;
			children = (
				D698B5A52A773A6500ED3D28 /* Base */,
			);
			name = LaunchScreen.storyboard;
			sourceTree = "<group>";
		};
/* End PBXVariantGroup section */

/* Begin XCBuildConfiguration section */
		D698B5A82A773A6500ED3D28 /* Debug */ = {
			isa = XCBuildConfiguration;
			buildSettings = {
				ALWAYS_SEARCH_USER_PATHS = NO;
				CLANG_ANALYZER_NONNULL = YES;
				CLANG_ANALYZER_NUMBER_OBJECT_CONVERSION = YES_AGGRESSIVE;
				CLANG_CXX_LANGUAGE_STANDARD = "gnu++20";
				CLANG_ENABLE_MODULES = YES;
				CLANG_ENABLE_OBJC_ARC = YES;
				CLANG_ENABLE_OBJC_WEAK = YES;
				CLANG_WARN_BLOCK_CAPTURE_AUTORELEASING = YES;
				CLANG_WARN_BOOL_CONVERSION = YES;
				CLANG_WARN_COMMA = YES;
				CLANG_WARN_CONSTANT_CONVERSION = YES;
				CLANG_WARN_DEPRECATED_OBJC_IMPLEMENTATIONS = YES;
				CLANG_WARN_DIRECT_OBJC_ISA_USAGE = YES_ERROR;
				CLANG_WARN_DOCUMENTATION_COMMENTS = YES;
				CLANG_WARN_EMPTY_BODY = YES;
				CLANG_WARN_ENUM_CONVERSION = YES;
				CLANG_WARN_INFINITE_RECURSION = YES;
				CLANG_WARN_INT_CONVERSION = YES;
				CLANG_WARN_NON_LITERAL_NULL_CONVERSION = YES;
				CLANG_WARN_OBJC_IMPLICIT_RETAIN_SELF = YES;
				CLANG_WARN_OBJC_LITERAL_CONVERSION = YES;
				CLANG_WARN_OBJC_ROOT_CLASS = YES_ERROR;
				CLANG_WARN_QUOTED_INCLUDE_IN_FRAMEWORK_HEADER = YES;
				CLANG_WARN_RANGE_LOOP_ANALYSIS = YES;
				CLANG_WARN_STRICT_PROTOTYPES = YES;
				CLANG_WARN_SUSPICIOUS_MOVE = YES;
				CLANG_WARN_UNGUARDED_AVAILABILITY = YES_AGGRESSIVE;
				CLANG_WARN_UNREACHABLE_CODE = YES;
				CLANG_WARN__DUPLICATE_METHOD_MATCH = YES;
				COPY_PHASE_STRIP = NO;
				DEBUG_INFORMATION_FORMAT = dwarf;
				ENABLE_STRICT_OBJC_MSGSEND = YES;
				ENABLE_TESTABILITY = YES;
				GCC_C_LANGUAGE_STANDARD = gnu11;
				GCC_DYNAMIC_NO_PIC = NO;
				GCC_NO_COMMON_BLOCKS = YES;
				GCC_OPTIMIZATION_LEVEL = 0;
				GCC_PREPROCESSOR_DEFINITIONS = (
					"DEBUG=1",
					"$(inherited)",
				);
				GCC_WARN_64_TO_32_BIT_CONVERSION = YES;
				GCC_WARN_ABOUT_RETURN_TYPE = YES_ERROR;
				GCC_WARN_UNDECLARED_SELECTOR = YES;
				GCC_WARN_UNINITIALIZED_AUTOS = YES_AGGRESSIVE;
				GCC_WARN_UNUSED_FUNCTION = YES;
				GCC_WARN_UNUSED_VARIABLE = YES;
				IPHONEOS_DEPLOYMENT_TARGET = 16.4;
				MTL_ENABLE_DEBUG_INFO = INCLUDE_SOURCE;
				MTL_FAST_MATH = YES;
				ONLY_ACTIVE_ARCH = YES;
				SDKROOT = iphoneos;
				SWIFT_ACTIVE_COMPILATION_CONDITIONS = DEBUG;
				SWIFT_OPTIMIZATION_LEVEL = "-Onone";
			};
			name = Debug;
		};
		D698B5A92A773A6500ED3D28 /* Release */ = {
			isa = XCBuildConfiguration;
			buildSettings = {
				ALWAYS_SEARCH_USER_PATHS = NO;
				CLANG_ANALYZER_NONNULL = YES;
				CLANG_ANALYZER_NUMBER_OBJECT_CONVERSION = YES_AGGRESSIVE;
				CLANG_CXX_LANGUAGE_STANDARD = "gnu++20";
				CLANG_ENABLE_MODULES = YES;
				CLANG_ENABLE_OBJC_ARC = YES;
				CLANG_ENABLE_OBJC_WEAK = YES;
				CLANG_WARN_BLOCK_CAPTURE_AUTORELEASING = YES;
				CLANG_WARN_BOOL_CONVERSION = YES;
				CLANG_WARN_COMMA = YES;
				CLANG_WARN_CONSTANT_CONVERSION = YES;
				CLANG_WARN_DEPRECATED_OBJC_IMPLEMENTATIONS = YES;
				CLANG_WARN_DIRECT_OBJC_ISA_USAGE = YES_ERROR;
				CLANG_WARN_DOCUMENTATION_COMMENTS = YES;
				CLANG_WARN_EMPTY_BODY = YES;
				CLANG_WARN_ENUM_CONVERSION = YES;
				CLANG_WARN_INFINITE_RECURSION = YES;
				CLANG_WARN_INT_CONVERSION = YES;
				CLANG_WARN_NON_LITERAL_NULL_CONVERSION = YES;
				CLANG_WARN_OBJC_IMPLICIT_RETAIN_SELF = YES;
				CLANG_WARN_OBJC_LITERAL_CONVERSION = YES;
				CLANG_WARN_OBJC_ROOT_CLASS = YES_ERROR;
				CLANG_WARN_QUOTED_INCLUDE_IN_FRAMEWORK_HEADER = YES;
				CLANG_WARN_RANGE_LOOP_ANALYSIS = YES;
				CLANG_WARN_STRICT_PROTOTYPES = YES;
				CLANG_WARN_SUSPICIOUS_MOVE = YES;
				CLANG_WARN_UNGUARDED_AVAILABILITY = YES_AGGRESSIVE;
				CLANG_WARN_UNREACHABLE_CODE = YES;
				CLANG_WARN__DUPLICATE_METHOD_MATCH = YES;
				COPY_PHASE_STRIP = NO;
				DEBUG_INFORMATION_FORMAT = "dwarf-with-dsym";
				ENABLE_NS_ASSERTIONS = NO;
				ENABLE_STRICT_OBJC_MSGSEND = YES;
				GCC_C_LANGUAGE_STANDARD = gnu11;
				GCC_NO_COMMON_BLOCKS = YES;
				GCC_WARN_64_TO_32_BIT_CONVERSION = YES;
				GCC_WARN_ABOUT_RETURN_TYPE = YES_ERROR;
				GCC_WARN_UNDECLARED_SELECTOR = YES;
				GCC_WARN_UNINITIALIZED_AUTOS = YES_AGGRESSIVE;
				GCC_WARN_UNUSED_FUNCTION = YES;
				GCC_WARN_UNUSED_VARIABLE = YES;
				IPHONEOS_DEPLOYMENT_TARGET = 16.4;
				MTL_ENABLE_DEBUG_INFO = NO;
				MTL_FAST_MATH = YES;
				SDKROOT = iphoneos;
				SWIFT_COMPILATION_MODE = wholemodule;
				SWIFT_OPTIMIZATION_LEVEL = "-O";
				VALIDATE_PRODUCT = YES;
			};
			name = Release;
		};
		D698B5AB2A773A6500ED3D28 /* Debug */ = {
			isa = XCBuildConfiguration;
			buildSettings = {
				ASSETCATALOG_COMPILER_APPICON_NAME = AppIcon;
				ASSETCATALOG_COMPILER_GLOBAL_ACCENT_COLOR_NAME = AccentColor;
				CODE_SIGN_STYLE = Automatic;
				CURRENT_PROJECT_VERSION = 1;
				DEVELOPMENT_TEAM = Y7C6A3W353;
				GENERATE_INFOPLIST_FILE = YES;
				INFOPLIST_FILE = SeSacWeek3OneLineDiary/Info.plist;
				INFOPLIST_KEY_UIApplicationSupportsIndirectInputEvents = YES;
				INFOPLIST_KEY_UILaunchStoryboardName = LaunchScreen;
				INFOPLIST_KEY_UIMainStoryboardFile = Main;
				INFOPLIST_KEY_UISupportedInterfaceOrientations_iPad = "UIInterfaceOrientationPortrait UIInterfaceOrientationPortraitUpsideDown UIInterfaceOrientationLandscapeLeft UIInterfaceOrientationLandscapeRight";
				INFOPLIST_KEY_UISupportedInterfaceOrientations_iPhone = "UIInterfaceOrientationPortrait UIInterfaceOrientationLandscapeLeft UIInterfaceOrientationLandscapeRight";
				LD_RUNPATH_SEARCH_PATHS = (
					"$(inherited)",
					"@executable_path/Frameworks",
				);
				MARKETING_VERSION = 1.0;
				PRODUCT_BUNDLE_IDENTIFIER = com.sangnam.SeSacWeek3OneLineDiary;
				PRODUCT_NAME = "$(TARGET_NAME)";
				SWIFT_EMIT_LOC_STRINGS = YES;
				SWIFT_VERSION = 5.0;
				TARGETED_DEVICE_FAMILY = "1,2";
			};
			name = Debug;
		};
		D698B5AC2A773A6500ED3D28 /* Release */ = {
			isa = XCBuildConfiguration;
			buildSettings = {
				ASSETCATALOG_COMPILER_APPICON_NAME = AppIcon;
				ASSETCATALOG_COMPILER_GLOBAL_ACCENT_COLOR_NAME = AccentColor;
				CODE_SIGN_STYLE = Automatic;
				CURRENT_PROJECT_VERSION = 1;
				DEVELOPMENT_TEAM = Y7C6A3W353;
				GENERATE_INFOPLIST_FILE = YES;
				INFOPLIST_FILE = SeSacWeek3OneLineDiary/Info.plist;
				INFOPLIST_KEY_UIApplicationSupportsIndirectInputEvents = YES;
				INFOPLIST_KEY_UILaunchStoryboardName = LaunchScreen;
				INFOPLIST_KEY_UIMainStoryboardFile = Main;
				INFOPLIST_KEY_UISupportedInterfaceOrientations_iPad = "UIInterfaceOrientationPortrait UIInterfaceOrientationPortraitUpsideDown UIInterfaceOrientationLandscapeLeft UIInterfaceOrientationLandscapeRight";
				INFOPLIST_KEY_UISupportedInterfaceOrientations_iPhone = "UIInterfaceOrientationPortrait UIInterfaceOrientationLandscapeLeft UIInterfaceOrientationLandscapeRight";
				LD_RUNPATH_SEARCH_PATHS = (
					"$(inherited)",
					"@executable_path/Frameworks",
				);
				MARKETING_VERSION = 1.0;
				PRODUCT_BUNDLE_IDENTIFIER = com.sangnam.SeSacWeek3OneLineDiary;
				PRODUCT_NAME = "$(TARGET_NAME)";
				SWIFT_EMIT_LOC_STRINGS = YES;
				SWIFT_VERSION = 5.0;
				TARGETED_DEVICE_FAMILY = "1,2";
			};
			name = Release;
		};
/* End XCBuildConfiguration section */

/* Begin XCConfigurationList section */
		D698B5912A773A6300ED3D28 /* Build configuration list for PBXProject "SeSacWeek3OneLineDiary" */ = {
			isa = XCConfigurationList;
			buildConfigurations = (
				D698B5A82A773A6500ED3D28 /* Debug */,
				D698B5A92A773A6500ED3D28 /* Release */,
			);
			defaultConfigurationIsVisible = 0;
			defaultConfigurationName = Release;
		};
		D698B5AA2A773A6500ED3D28 /* Build configuration list for PBXNativeTarget "SeSacWeek3OneLineDiary" */ = {
			isa = XCConfigurationList;
			buildConfigurations = (
				D698B5AB2A773A6500ED3D28 /* Debug */,
				D698B5AC2A773A6500ED3D28 /* Release */,
			);
			defaultConfigurationIsVisible = 0;
			defaultConfigurationName = Release;
		};
/* End XCConfigurationList section */

/* Begin XCRemoteSwiftPackageReference section */
		D6B63E1A2A808063006377A1 /* XCRemoteSwiftPackageReference "SwiftyJSON" */ = {
			isa = XCRemoteSwiftPackageReference;
			repositoryURL = "https://github.com/SwiftyJSON/SwiftyJSON.git";
			requirement = {
				kind = upToNextMajorVersion;
				minimumVersion = 5.0.0;
			};
		};
		D6B63E1D2A80807E006377A1 /* XCRemoteSwiftPackageReference "Alamofire" */ = {
			isa = XCRemoteSwiftPackageReference;
			repositoryURL = "https://github.com/Alamofire/Alamofire.git";
			requirement = {
				kind = upToNextMajorVersion;
				minimumVersion = 5.0.0;
			};
		};
/* End XCRemoteSwiftPackageReference section */

/* Begin XCSwiftPackageProductDependency section */
		D6B63E1B2A808063006377A1 /* SwiftyJSON */ = {
			isa = XCSwiftPackageProductDependency;
			package = D6B63E1A2A808063006377A1 /* XCRemoteSwiftPackageReference "SwiftyJSON" */;
			productName = SwiftyJSON;
		};
		D6B63E1E2A80807E006377A1 /* Alamofire */ = {
			isa = XCSwiftPackageProductDependency;
			package = D6B63E1D2A80807E006377A1 /* XCRemoteSwiftPackageReference "Alamofire" */;
			productName = Alamofire;
		};
/* End XCSwiftPackageProductDependency section */
	};
	rootObject = D698B58E2A773A6300ED3D28 /* Project object */;
}
